
Microsoft Visual Studio Solution File, Format Version 12.00
# Visual Studio 15
VisualStudioVersion = 15.0.27130.2027
MinimumVisualStudioVersion = 10.0.40219.1
Project("{9A19103F-16F7-4668-BE54-9A1E7A4F7556}") = "Service.Tester", "Service.Tester\Service.Tester.csproj", "{5E3FD25E-439C-4A6E-94BE-71B49ED905C0}"
EndProject
Project("{2150E333-8FDC-42A3-9474-1A3956D46DE8}") = "Services", "Services", "{11C520F7-55ED-4C89-A224-926B32353499}"
EndProject
Project("{9A19103F-16F7-4668-BE54-9A1E7A4F7556}") = "Service.Compilation", "Service.Compilation\Service.Compilation.csproj", "{CB2F45F2-ED22-43B3-B147-E471F7E33C6E}"
EndProject
Project("{9A19103F-16F7-4668-BE54-9A1E7A4F7556}") = "Service.WebApp", "Service.WebApp\Service.WebApp.csproj", "{C7D7E5A4-31CF-47C8-AC47-534D0808041F}"
EndProject
Project("{9A19103F-16F7-4668-BE54-9A1E7A4F7556}") = "Service.Domain", "Service.Domain\Service.Domain.csproj", "{AA306AB8-EAB9-426C-BE6F-801392A6CC8A}"
EndProject
Project("{FAE04EC0-301F-11D3-BF4B-00C04F79EFBC}") = "Service.CompilationTest", "Service.CompilationTest\Service.CompilationTest.csproj", "{4B4D19DD-1666-480D-A584-4A05F08F5A7C}"
EndProject
Project("{9A19103F-16F7-4668-BE54-9A1E7A4F7556}") = "Service.Runner", "Service.Runer\Service.Runner.csproj", "{5092CE32-AFEB-4E4C-AA13-32B185D4ECF2}"
EndProject
Project("{2150E333-8FDC-42A3-9474-1A3956D46DE8}") = "Tests", "Tests", "{9855444B-EFA4-438E-9AFA-9B407B156C83}"
EndProject
Project("{FAE04EC0-301F-11D3-BF4B-00C04F79EFBC}") = "Service.Runner.Test", "Service.Runner.Test\Service.Runner.Test.csproj", "{03F32526-1235-4B60-9923-CE6000715A24}"
EndProject
Global
	GlobalSection(SolutionConfigurationPlatforms) = preSolution
		Debug|Any CPU = Debug|Any CPU
		Release|Any CPU = Release|Any CPU
	EndGlobalSection
	GlobalSection(ProjectConfigurationPlatforms) = postSolution
		{5E3FD25E-439C-4A6E-94BE-71B49ED905C0}.Debug|Any CPU.ActiveCfg = Debug|Any CPU
		{5E3FD25E-439C-4A6E-94BE-71B49ED905C0}.Debug|Any CPU.Build.0 = Debug|Any CPU
		{5E3FD25E-439C-4A6E-94BE-71B49ED905C0}.Release|Any CPU.ActiveCfg = Release|Any CPU
		{5E3FD25E-439C-4A6E-94BE-71B49ED905C0}.Release|Any CPU.Build.0 = Release|Any CPU
		{CB2F45F2-ED22-43B3-B147-E471F7E33C6E}.Debug|Any CPU.ActiveCfg = Debug|Any CPU
		{CB2F45F2-ED22-43B3-B147-E471F7E33C6E}.Debug|Any CPU.Build.0 = Debug|Any CPU
		{CB2F45F2-ED22-43B3-B147-E471F7E33C6E}.Release|Any CPU.ActiveCfg = Release|Any CPU
		{CB2F45F2-ED22-43B3-B147-E471F7E33C6E}.Release|Any CPU.Build.0 = Release|Any CPU
		{C7D7E5A4-31CF-47C8-AC47-534D0808041F}.Debug|Any CPU.ActiveCfg = Debug|Any CPU
		{C7D7E5A4-31CF-47C8-AC47-534D0808041F}.Debug|Any CPU.Build.0 = Debug|Any CPU
		{C7D7E5A4-31CF-47C8-AC47-534D0808041F}.Release|Any CPU.ActiveCfg = Release|Any CPU
		{C7D7E5A4-31CF-47C8-AC47-534D0808041F}.Release|Any CPU.Build.0 = Release|Any CPU
		{AA306AB8-EAB9-426C-BE6F-801392A6CC8A}.Debug|Any CPU.ActiveCfg = Debug|Any CPU
		{AA306AB8-EAB9-426C-BE6F-801392A6CC8A}.Debug|Any CPU.Build.0 = Debug|Any CPU
		{AA306AB8-EAB9-426C-BE6F-801392A6CC8A}.Release|Any CPU.ActiveCfg = Release|Any CPU
		{AA306AB8-EAB9-426C-BE6F-801392A6CC8A}.Release|Any CPU.Build.0 = Release|Any CPU
		{4B4D19DD-1666-480D-A584-4A05F08F5A7C}.Debug|Any CPU.ActiveCfg = Debug|Any CPU
		{4B4D19DD-1666-480D-A584-4A05F08F5A7C}.Debug|Any CPU.Build.0 = Debug|Any CPU
		{4B4D19DD-1666-480D-A584-4A05F08F5A7C}.Release|Any CPU.ActiveCfg = Release|Any CPU
		{4B4D19DD-1666-480D-A584-4A05F08F5A7C}.Release|Any CPU.Build.0 = Release|Any CPU
		{5092CE32-AFEB-4E4C-AA13-32B185D4ECF2}.Debug|Any CPU.ActiveCfg = Debug|Any CPU
		{5092CE32-AFEB-4E4C-AA13-32B185D4ECF2}.Debug|Any CPU.Build.0 = Debug|Any CPU
		{5092CE32-AFEB-4E4C-AA13-32B185D4ECF2}.Release|Any CPU.ActiveCfg = Release|Any CPU
		{5092CE32-AFEB-4E4C-AA13-32B185D4ECF2}.Release|Any CPU.Build.0 = Release|Any CPU
		{03F32526-1235-4B60-9923-CE6000715A24}.Debug|Any CPU.ActiveCfg = Debug|Any CPU
		{03F32526-1235-4B60-9923-CE6000715A24}.Debug|Any CPU.Build.0 = Debug|Any CPU
		{03F32526-1235-4B60-9923-CE6000715A24}.Release|Any CPU.ActiveCfg = Release|Any CPU
		{03F32526-1235-4B60-9923-CE6000715A24}.Release|Any CPU.Build.0 = Release|Any CPU
	EndGlobalSection
	GlobalSection(SolutionProperties) = preSolution
		HideSolutionNode = FALSE
	EndGlobalSection
	GlobalSection(NestedProjects) = preSolution
		{5E3FD25E-439C-4A6E-94BE-71B49ED905C0} = {9855444B-EFA4-438E-9AFA-9B407B156C83}
		{CB2F45F2-ED22-43B3-B147-E471F7E33C6E} = {11C520F7-55ED-4C89-A224-926B32353499}
		{5092CE32-AFEB-4E4C-AA13-32B185D4ECF2} = {11C520F7-55ED-4C89-A224-926B32353499}
		{03F32526-1235-4B60-9923-CE6000715A24} = {9855444B-EFA4-438E-9AFA-9B407B156C83}
	EndGlobalSection
	GlobalSection(ExtensibilityGlobals) = postSolution
		SolutionGuid = {85DC24CD-E0D1-48EE-BC69-0F29347C27F1}
	EndGlobalSection
EndGlobal
