
Microsoft Visual Studio Solution File, Format Version 12.00
# Visual Studio 15
VisualStudioVersion = 15.0.27130.2027
MinimumVisualStudioVersion = 10.0.40219.1
Project("{2150E333-8FDC-42A3-9474-1A3956D46DE8}") = "Services", "Services", "{11C520F7-55ED-4C89-A224-926B32353499}"
EndProject
Project("{9A19103F-16F7-4668-BE54-9A1E7A4F7556}") = "Service.Runner", "Service.Runer\Service.Runner.csproj", "{5092CE32-AFEB-4E4C-AA13-32B185D4ECF2}"
EndProject
Project("{2150E333-8FDC-42A3-9474-1A3956D46DE8}") = "Tests", "Tests", "{9855444B-EFA4-438E-9AFA-9B407B156C83}"
EndProject
Project("{FAE04EC0-301F-11D3-BF4B-00C04F79EFBC}") = "Service.Runner.Test", "Service.Runner.Test\Service.Runner.Test.csproj", "{03F32526-1235-4B60-9923-CE6000715A24}"
EndProject
Project("{9A19103F-16F7-4668-BE54-9A1E7A4F7556}") = "TestConsoleApp", "TestConsoleApp\TestConsoleApp.csproj", "{BE995F48-68FB-42C1-93BA-CCDEEFF2DD33}"
EndProject
Project("{9A19103F-16F7-4668-BE54-9A1E7A4F7556}") = "Service.Common", "Service.Core\Service.Common.csproj", "{26EBBEBD-C9CF-44C2-B8E9-BBF0495B5617}"
EndProject
Project("{9A19103F-16F7-4668-BE54-9A1E7A4F7556}") = "WebApp", "WebApp\WebApp.csproj", "{D52ECDC5-E3C8-44B5-8225-8C05B438E995}"
EndProject
Project("{9A19103F-16F7-4668-BE54-9A1E7A4F7556}") = "ProblemProcessor", "ProblemProcessor\ProblemProcessor.csproj", "{ED59B274-AA4F-46BA-8815-91A2C2817C16}"
EndProject
Project("{9A19103F-16F7-4668-BE54-9A1E7A4F7556}") = "Service.Storage", "Service.Storage\Service.Storage.csproj", "{6FA74021-D518-47BD-9BEC-6884CA75DD48}"
EndProject
Project("{9A19103F-16F7-4668-BE54-9A1E7A4F7556}") = "Service.InputDataGenerator", "Service.InputDataGenerator\Service.InputDataGenerator.csproj", "{334B2123-62EA-43B9-B1CD-FEB0D649113D}"
EndProject
Global
	GlobalSection(SolutionConfigurationPlatforms) = preSolution
		Debug|Any CPU = Debug|Any CPU
		Release|Any CPU = Release|Any CPU
	EndGlobalSection
	GlobalSection(ProjectConfigurationPlatforms) = postSolution
		{5092CE32-AFEB-4E4C-AA13-32B185D4ECF2}.Debug|Any CPU.ActiveCfg = Debug|Any CPU
		{5092CE32-AFEB-4E4C-AA13-32B185D4ECF2}.Debug|Any CPU.Build.0 = Debug|Any CPU
		{5092CE32-AFEB-4E4C-AA13-32B185D4ECF2}.Release|Any CPU.ActiveCfg = Release|Any CPU
		{5092CE32-AFEB-4E4C-AA13-32B185D4ECF2}.Release|Any CPU.Build.0 = Release|Any CPU
		{03F32526-1235-4B60-9923-CE6000715A24}.Debug|Any CPU.ActiveCfg = Debug|Any CPU
		{03F32526-1235-4B60-9923-CE6000715A24}.Debug|Any CPU.Build.0 = Debug|Any CPU
		{03F32526-1235-4B60-9923-CE6000715A24}.Release|Any CPU.ActiveCfg = Release|Any CPU
		{03F32526-1235-4B60-9923-CE6000715A24}.Release|Any CPU.Build.0 = Release|Any CPU
		{BE995F48-68FB-42C1-93BA-CCDEEFF2DD33}.Debug|Any CPU.ActiveCfg = Debug|Any CPU
		{BE995F48-68FB-42C1-93BA-CCDEEFF2DD33}.Debug|Any CPU.Build.0 = Debug|Any CPU
		{BE995F48-68FB-42C1-93BA-CCDEEFF2DD33}.Release|Any CPU.ActiveCfg = Release|Any CPU
		{BE995F48-68FB-42C1-93BA-CCDEEFF2DD33}.Release|Any CPU.Build.0 = Release|Any CPU
		{26EBBEBD-C9CF-44C2-B8E9-BBF0495B5617}.Debug|Any CPU.ActiveCfg = Debug|Any CPU
		{26EBBEBD-C9CF-44C2-B8E9-BBF0495B5617}.Debug|Any CPU.Build.0 = Debug|Any CPU
		{26EBBEBD-C9CF-44C2-B8E9-BBF0495B5617}.Release|Any CPU.ActiveCfg = Release|Any CPU
		{26EBBEBD-C9CF-44C2-B8E9-BBF0495B5617}.Release|Any CPU.Build.0 = Release|Any CPU
		{D52ECDC5-E3C8-44B5-8225-8C05B438E995}.Debug|Any CPU.ActiveCfg = Debug|Any CPU
		{D52ECDC5-E3C8-44B5-8225-8C05B438E995}.Debug|Any CPU.Build.0 = Debug|Any CPU
		{D52ECDC5-E3C8-44B5-8225-8C05B438E995}.Release|Any CPU.ActiveCfg = Release|Any CPU
		{D52ECDC5-E3C8-44B5-8225-8C05B438E995}.Release|Any CPU.Build.0 = Release|Any CPU
		{ED59B274-AA4F-46BA-8815-91A2C2817C16}.Debug|Any CPU.ActiveCfg = Debug|Any CPU
		{ED59B274-AA4F-46BA-8815-91A2C2817C16}.Debug|Any CPU.Build.0 = Debug|Any CPU
		{ED59B274-AA4F-46BA-8815-91A2C2817C16}.Release|Any CPU.ActiveCfg = Release|Any CPU
		{ED59B274-AA4F-46BA-8815-91A2C2817C16}.Release|Any CPU.Build.0 = Release|Any CPU
		{6FA74021-D518-47BD-9BEC-6884CA75DD48}.Debug|Any CPU.ActiveCfg = Debug|Any CPU
		{6FA74021-D518-47BD-9BEC-6884CA75DD48}.Debug|Any CPU.Build.0 = Debug|Any CPU
		{6FA74021-D518-47BD-9BEC-6884CA75DD48}.Release|Any CPU.ActiveCfg = Release|Any CPU
		{6FA74021-D518-47BD-9BEC-6884CA75DD48}.Release|Any CPU.Build.0 = Release|Any CPU
		{334B2123-62EA-43B9-B1CD-FEB0D649113D}.Debug|Any CPU.ActiveCfg = Debug|Any CPU
		{334B2123-62EA-43B9-B1CD-FEB0D649113D}.Debug|Any CPU.Build.0 = Debug|Any CPU
		{334B2123-62EA-43B9-B1CD-FEB0D649113D}.Release|Any CPU.ActiveCfg = Release|Any CPU
		{334B2123-62EA-43B9-B1CD-FEB0D649113D}.Release|Any CPU.Build.0 = Release|Any CPU
	EndGlobalSection
	GlobalSection(SolutionProperties) = preSolution
		HideSolutionNode = FALSE
	EndGlobalSection
	GlobalSection(NestedProjects) = preSolution
		{5092CE32-AFEB-4E4C-AA13-32B185D4ECF2} = {11C520F7-55ED-4C89-A224-926B32353499}
		{03F32526-1235-4B60-9923-CE6000715A24} = {9855444B-EFA4-438E-9AFA-9B407B156C83}
		{BE995F48-68FB-42C1-93BA-CCDEEFF2DD33} = {9855444B-EFA4-438E-9AFA-9B407B156C83}
		{26EBBEBD-C9CF-44C2-B8E9-BBF0495B5617} = {11C520F7-55ED-4C89-A224-926B32353499}
		{ED59B274-AA4F-46BA-8815-91A2C2817C16} = {11C520F7-55ED-4C89-A224-926B32353499}
		{334B2123-62EA-43B9-B1CD-FEB0D649113D} = {11C520F7-55ED-4C89-A224-926B32353499}
	EndGlobalSection
	GlobalSection(ExtensibilityGlobals) = postSolution
		SolutionGuid = {85DC24CD-E0D1-48EE-BC69-0F29347C27F1}
	EndGlobalSection
EndGlobal
